// !$*UTF8*$!
{
	archiveVersion = 1;
	classes = {
	};
	objectVersion = 55;
	objects = {

/* Begin PBXBuildFile section */
		4805BAAA138EDA5DB61D67AD /* Pods_WeatherApp_WeatherAppUITests.framework in Frameworks */ = {isa = PBXBuildFile; fileRef = 4B7F72E3115A2B44587A88E3 /* Pods_WeatherApp_WeatherAppUITests.framework */; };
		79E855A576E92A17157EE3C0 /* Pods_WeatherApp.framework in Frameworks */ = {isa = PBXBuildFile; fileRef = 909A801C472F4FA43F16333B /* Pods_WeatherApp.framework */; };
		A3F719FB46E36B18A79EC7C6 /* Pods_WeatherAppTests.framework in Frameworks */ = {isa = PBXBuildFile; fileRef = 865F7D5D98106CB962CE2E99 /* Pods_WeatherAppTests.framework */; };
		CE17606C2889029300ED7BD8 /* AppDelegate.swift in Sources */ = {isa = PBXBuildFile; fileRef = CE17606B2889029300ED7BD8 /* AppDelegate.swift */; };
		CE1760752889029400ED7BD8 /* Assets.xcassets in Resources */ = {isa = PBXBuildFile; fileRef = CE1760742889029400ED7BD8 /* Assets.xcassets */; };
		CE1760782889029400ED7BD8 /* LaunchScreen.storyboard in Resources */ = {isa = PBXBuildFile; fileRef = CE1760762889029400ED7BD8 /* LaunchScreen.storyboard */; };
		CE1760832889029400ED7BD8 /* WeatherAppTests.swift in Sources */ = {isa = PBXBuildFile; fileRef = CE1760822889029400ED7BD8 /* WeatherAppTests.swift */; };
		CE17608D2889029400ED7BD8 /* WeatherAppUITests.swift in Sources */ = {isa = PBXBuildFile; fileRef = CE17608C2889029400ED7BD8 /* WeatherAppUITests.swift */; };
		CE17608F2889029400ED7BD8 /* WeatherAppUITestsLaunchTests.swift in Sources */ = {isa = PBXBuildFile; fileRef = CE17608E2889029400ED7BD8 /* WeatherAppUITestsLaunchTests.swift */; };
		CE1760A22889318F00ED7BD8 /* UIViewControllerExtension.swift in Sources */ = {isa = PBXBuildFile; fileRef = CE1760A12889318F00ED7BD8 /* UIViewControllerExtension.swift */; };
		CE1760A42889387500ED7BD8 /* WeatherService.swift in Sources */ = {isa = PBXBuildFile; fileRef = CE1760A32889387500ED7BD8 /* WeatherService.swift */; };
		CE1760A62889396200ED7BD8 /* CurrentWeatherData.swift in Sources */ = {isa = PBXBuildFile; fileRef = CE1760A52889396200ED7BD8 /* CurrentWeatherData.swift */; };
		CE1760B2288A423800ED7BD8 /* ForeCastCell.swift in Sources */ = {isa = PBXBuildFile; fileRef = CE1760B0288A423800ED7BD8 /* ForeCastCell.swift */; };
		CE1760B3288A423800ED7BD8 /* ForeCastCell.xib in Resources */ = {isa = PBXBuildFile; fileRef = CE1760B1288A423800ED7BD8 /* ForeCastCell.xib */; };
		CE667E03288E35A800CE573B /* GoogleService-Info.plist in Resources */ = {isa = PBXBuildFile; fileRef = CE667E02288E35A800CE573B /* GoogleService-Info.plist */; };
		CE667E07288FF8D700CE573B /* Coordinator.swift in Sources */ = {isa = PBXBuildFile; fileRef = CE667E06288FF8D700CE573B /* Coordinator.swift */; };
		CE667E0C288FF98B00CE573B /* UIViewExtension.swift in Sources */ = {isa = PBXBuildFile; fileRef = CE667E0B288FF98B00CE573B /* UIViewExtension.swift */; };
		CE667E0F288FF9D500CE573B /* DateExtension.swift in Sources */ = {isa = PBXBuildFile; fileRef = CE667E0E288FF9D500CE573B /* DateExtension.swift */; };
		CE667E11288FF9ED00CE573B /* StringExtension.swift in Sources */ = {isa = PBXBuildFile; fileRef = CE667E10288FF9ED00CE573B /* StringExtension.swift */; };
		CE667E14288FFA6D00CE573B /* InternetConnection.swift in Sources */ = {isa = PBXBuildFile; fileRef = CE667E13288FFA6D00CE573B /* InternetConnection.swift */; };
		CE667E1A288FFB5200CE573B /* CurrentWeatherCoordinator.swift in Sources */ = {isa = PBXBuildFile; fileRef = CE667E19288FFB5200CE573B /* CurrentWeatherCoordinator.swift */; };
		CE667E1C288FFB8200CE573B /* CurrentWeatherContract.swift in Sources */ = {isa = PBXBuildFile; fileRef = CE667E1B288FFB8200CE573B /* CurrentWeatherContract.swift */; };
		CE667E1E288FFB9D00CE573B /* CurrentWeatherPresenter.swift in Sources */ = {isa = PBXBuildFile; fileRef = CE667E1D288FFB9D00CE573B /* CurrentWeatherPresenter.swift */; };
		CE667E21288FFBEF00CE573B /* CurrentWeatherViewController.swift in Sources */ = {isa = PBXBuildFile; fileRef = CE667E1F288FFBEF00CE573B /* CurrentWeatherViewController.swift */; };
		CE667E22288FFBEF00CE573B /* CurrentWeatherViewController.xib in Resources */ = {isa = PBXBuildFile; fileRef = CE667E20288FFBEF00CE573B /* CurrentWeatherViewController.xib */; };
		CE667E242890D5A600CE573B /* BaseViewProtocol.swift in Sources */ = {isa = PBXBuildFile; fileRef = CE667E232890D5A600CE573B /* BaseViewProtocol.swift */; };
		CE667E262890D6B600CE573B /* BaseViewController.swift in Sources */ = {isa = PBXBuildFile; fileRef = CE667E252890D6B600CE573B /* BaseViewController.swift */; };
		CE667E282890D8C700CE573B /* CurrentWeatherModel.swift in Sources */ = {isa = PBXBuildFile; fileRef = CE667E272890D8C700CE573B /* CurrentWeatherModel.swift */; };
		CE667E2A2890E63E00CE573B /* ForeCastWeatherContract.swift in Sources */ = {isa = PBXBuildFile; fileRef = CE667E292890E63E00CE573B /* ForeCastWeatherContract.swift */; };
		CE667E2C2890E65100CE573B /* ForeCastWeatherCoordinator.swift in Sources */ = {isa = PBXBuildFile; fileRef = CE667E2B2890E65100CE573B /* ForeCastWeatherCoordinator.swift */; };
		CE667E2E2890E65A00CE573B /* ForeCastWeatherPresenter.swift in Sources */ = {isa = PBXBuildFile; fileRef = CE667E2D2890E65A00CE573B /* ForeCastWeatherPresenter.swift */; };
		CE667E302890E66400CE573B /* ForeCastWeatherModel.swift in Sources */ = {isa = PBXBuildFile; fileRef = CE667E2F2890E66400CE573B /* ForeCastWeatherModel.swift */; };
		CE667E332890E67300CE573B /* ForeCastWeatherViewController.swift in Sources */ = {isa = PBXBuildFile; fileRef = CE667E312890E67300CE573B /* ForeCastWeatherViewController.swift */; };
		CE667E342890E67300CE573B /* ForeCastWeatherViewController.xib in Resources */ = {isa = PBXBuildFile; fileRef = CE667E322890E67300CE573B /* ForeCastWeatherViewController.xib */; };
		CE667E382891192800CE573B /* CurrentWeather.swift in Sources */ = {isa = PBXBuildFile; fileRef = CE667E372891192800CE573B /* CurrentWeather.swift */; };
		CE667E392891195C00CE573B /* WeatherService.swift in Sources */ = {isa = PBXBuildFile; fileRef = CE1760A32889387500ED7BD8 /* WeatherService.swift */; };
		CE667E3A2891199F00CE573B /* CurrentWeatherData.swift in Sources */ = {isa = PBXBuildFile; fileRef = CE1760A52889396200ED7BD8 /* CurrentWeatherData.swift */; };
		CE667E3B28911A3900CE573B /* InternetConnection.swift in Sources */ = {isa = PBXBuildFile; fileRef = CE667E13288FFA6D00CE573B /* InternetConnection.swift */; };
		CE667E3E28911FB400CE573B /* ForeCastWeather.swift in Sources */ = {isa = PBXBuildFile; fileRef = CE667E3D28911FB400CE573B /* ForeCastWeather.swift */; };
/* End PBXBuildFile section */

/* Begin PBXContainerItemProxy section */
		CE17607F2889029400ED7BD8 /* PBXContainerItemProxy */ = {
			isa = PBXContainerItemProxy;
			containerPortal = CE1760602889029300ED7BD8 /* Project object */;
			proxyType = 1;
			remoteGlobalIDString = CE1760672889029300ED7BD8;
			remoteInfo = WeatherApp;
		};
		CE1760892889029400ED7BD8 /* PBXContainerItemProxy */ = {
			isa = PBXContainerItemProxy;
			containerPortal = CE1760602889029300ED7BD8 /* Project object */;
			proxyType = 1;
			remoteGlobalIDString = CE1760672889029300ED7BD8;
			remoteInfo = WeatherApp;
		};
/* End PBXContainerItemProxy section */

/* Begin PBXFileReference section */
		4382FFC1529640A806A3656E /* Pods-WeatherApp-WeatherAppUITests.release.xcconfig */ = {isa = PBXFileReference; includeInIndex = 1; lastKnownFileType = text.xcconfig; name = "Pods-WeatherApp-WeatherAppUITests.release.xcconfig"; path = "Target Support Files/Pods-WeatherApp-WeatherAppUITests/Pods-WeatherApp-WeatherAppUITests.release.xcconfig"; sourceTree = "<group>"; };
		4B7F72E3115A2B44587A88E3 /* Pods_WeatherApp_WeatherAppUITests.framework */ = {isa = PBXFileReference; explicitFileType = wrapper.framework; includeInIndex = 0; path = Pods_WeatherApp_WeatherAppUITests.framework; sourceTree = BUILT_PRODUCTS_DIR; };
		53C2D46F560F95E683D66BBA /* Pods-WeatherApp-WeatherAppUITests.debug.xcconfig */ = {isa = PBXFileReference; includeInIndex = 1; lastKnownFileType = text.xcconfig; name = "Pods-WeatherApp-WeatherAppUITests.debug.xcconfig"; path = "Target Support Files/Pods-WeatherApp-WeatherAppUITests/Pods-WeatherApp-WeatherAppUITests.debug.xcconfig"; sourceTree = "<group>"; };
		5F1DB5B98DD33BB02D485E26 /* Pods-WeatherApp.debug.xcconfig */ = {isa = PBXFileReference; includeInIndex = 1; lastKnownFileType = text.xcconfig; name = "Pods-WeatherApp.debug.xcconfig"; path = "Target Support Files/Pods-WeatherApp/Pods-WeatherApp.debug.xcconfig"; sourceTree = "<group>"; };
		865F7D5D98106CB962CE2E99 /* Pods_WeatherAppTests.framework */ = {isa = PBXFileReference; explicitFileType = wrapper.framework; includeInIndex = 0; path = Pods_WeatherAppTests.framework; sourceTree = BUILT_PRODUCTS_DIR; };
		8E34E7416CFDE67352601F5D /* Pods-WeatherAppTests.release.xcconfig */ = {isa = PBXFileReference; includeInIndex = 1; lastKnownFileType = text.xcconfig; name = "Pods-WeatherAppTests.release.xcconfig"; path = "Target Support Files/Pods-WeatherAppTests/Pods-WeatherAppTests.release.xcconfig"; sourceTree = "<group>"; };
		909A801C472F4FA43F16333B /* Pods_WeatherApp.framework */ = {isa = PBXFileReference; explicitFileType = wrapper.framework; includeInIndex = 0; path = Pods_WeatherApp.framework; sourceTree = BUILT_PRODUCTS_DIR; };
		9E2E552CED92C7C94D957B44 /* Pods-WeatherApp.release.xcconfig */ = {isa = PBXFileReference; includeInIndex = 1; lastKnownFileType = text.xcconfig; name = "Pods-WeatherApp.release.xcconfig"; path = "Target Support Files/Pods-WeatherApp/Pods-WeatherApp.release.xcconfig"; sourceTree = "<group>"; };
		CE1760682889029300ED7BD8 /* WeatherApp.app */ = {isa = PBXFileReference; explicitFileType = wrapper.application; includeInIndex = 0; path = WeatherApp.app; sourceTree = BUILT_PRODUCTS_DIR; };
		CE17606B2889029300ED7BD8 /* AppDelegate.swift */ = {isa = PBXFileReference; lastKnownFileType = sourcecode.swift; path = AppDelegate.swift; sourceTree = "<group>"; };
		CE1760742889029400ED7BD8 /* Assets.xcassets */ = {isa = PBXFileReference; lastKnownFileType = folder.assetcatalog; path = Assets.xcassets; sourceTree = "<group>"; };
		CE1760772889029400ED7BD8 /* Base */ = {isa = PBXFileReference; lastKnownFileType = file.storyboard; name = Base; path = Base.lproj/LaunchScreen.storyboard; sourceTree = "<group>"; };
		CE1760792889029400ED7BD8 /* Info.plist */ = {isa = PBXFileReference; lastKnownFileType = text.plist.xml; path = Info.plist; sourceTree = "<group>"; };
		CE17607E2889029400ED7BD8 /* WeatherAppTests.xctest */ = {isa = PBXFileReference; explicitFileType = wrapper.cfbundle; includeInIndex = 0; path = WeatherAppTests.xctest; sourceTree = BUILT_PRODUCTS_DIR; };
		CE1760822889029400ED7BD8 /* WeatherAppTests.swift */ = {isa = PBXFileReference; lastKnownFileType = sourcecode.swift; path = WeatherAppTests.swift; sourceTree = "<group>"; };
		CE1760882889029400ED7BD8 /* WeatherAppUITests.xctest */ = {isa = PBXFileReference; explicitFileType = wrapper.cfbundle; includeInIndex = 0; path = WeatherAppUITests.xctest; sourceTree = BUILT_PRODUCTS_DIR; };
		CE17608C2889029400ED7BD8 /* WeatherAppUITests.swift */ = {isa = PBXFileReference; lastKnownFileType = sourcecode.swift; path = WeatherAppUITests.swift; sourceTree = "<group>"; };
		CE17608E2889029400ED7BD8 /* WeatherAppUITestsLaunchTests.swift */ = {isa = PBXFileReference; lastKnownFileType = sourcecode.swift; path = WeatherAppUITestsLaunchTests.swift; sourceTree = "<group>"; };
		CE1760A12889318F00ED7BD8 /* UIViewControllerExtension.swift */ = {isa = PBXFileReference; lastKnownFileType = sourcecode.swift; path = UIViewControllerExtension.swift; sourceTree = "<group>"; };
		CE1760A32889387500ED7BD8 /* WeatherService.swift */ = {isa = PBXFileReference; lastKnownFileType = sourcecode.swift; path = WeatherService.swift; sourceTree = "<group>"; };
		CE1760A52889396200ED7BD8 /* CurrentWeatherData.swift */ = {isa = PBXFileReference; lastKnownFileType = sourcecode.swift; path = CurrentWeatherData.swift; sourceTree = "<group>"; };
		CE1760B0288A423800ED7BD8 /* ForeCastCell.swift */ = {isa = PBXFileReference; lastKnownFileType = sourcecode.swift; path = ForeCastCell.swift; sourceTree = "<group>"; };
		CE1760B1288A423800ED7BD8 /* ForeCastCell.xib */ = {isa = PBXFileReference; lastKnownFileType = file.xib; path = ForeCastCell.xib; sourceTree = "<group>"; };
		CE667E02288E35A800CE573B /* GoogleService-Info.plist */ = {isa = PBXFileReference; fileEncoding = 4; lastKnownFileType = text.plist.xml; path = "GoogleService-Info.plist"; sourceTree = "<group>"; };
		CE667E06288FF8D700CE573B /* Coordinator.swift */ = {isa = PBXFileReference; lastKnownFileType = sourcecode.swift; path = Coordinator.swift; sourceTree = "<group>"; };
		CE667E0B288FF98B00CE573B /* UIViewExtension.swift */ = {isa = PBXFileReference; lastKnownFileType = sourcecode.swift; path = UIViewExtension.swift; sourceTree = "<group>"; };
		CE667E0E288FF9D500CE573B /* DateExtension.swift */ = {isa = PBXFileReference; lastKnownFileType = sourcecode.swift; path = DateExtension.swift; sourceTree = "<group>"; };
		CE667E10288FF9ED00CE573B /* StringExtension.swift */ = {isa = PBXFileReference; lastKnownFileType = sourcecode.swift; path = StringExtension.swift; sourceTree = "<group>"; };
		CE667E13288FFA6D00CE573B /* InternetConnection.swift */ = {isa = PBXFileReference; lastKnownFileType = sourcecode.swift; path = InternetConnection.swift; sourceTree = "<group>"; };
		CE667E19288FFB5200CE573B /* CurrentWeatherCoordinator.swift */ = {isa = PBXFileReference; lastKnownFileType = sourcecode.swift; path = CurrentWeatherCoordinator.swift; sourceTree = "<group>"; };
		CE667E1B288FFB8200CE573B /* CurrentWeatherContract.swift */ = {isa = PBXFileReference; lastKnownFileType = sourcecode.swift; path = CurrentWeatherContract.swift; sourceTree = "<group>"; };
		CE667E1D288FFB9D00CE573B /* CurrentWeatherPresenter.swift */ = {isa = PBXFileReference; lastKnownFileType = sourcecode.swift; path = CurrentWeatherPresenter.swift; sourceTree = "<group>"; };
		CE667E1F288FFBEF00CE573B /* CurrentWeatherViewController.swift */ = {isa = PBXFileReference; lastKnownFileType = sourcecode.swift; path = CurrentWeatherViewController.swift; sourceTree = "<group>"; };
		CE667E20288FFBEF00CE573B /* CurrentWeatherViewController.xib */ = {isa = PBXFileReference; lastKnownFileType = file.xib; path = CurrentWeatherViewController.xib; sourceTree = "<group>"; };
		CE667E232890D5A600CE573B /* BaseViewProtocol.swift */ = {isa = PBXFileReference; lastKnownFileType = sourcecode.swift; path = BaseViewProtocol.swift; sourceTree = "<group>"; };
		CE667E252890D6B600CE573B /* BaseViewController.swift */ = {isa = PBXFileReference; lastKnownFileType = sourcecode.swift; path = BaseViewController.swift; sourceTree = "<group>"; };
		CE667E272890D8C700CE573B /* CurrentWeatherModel.swift */ = {isa = PBXFileReference; lastKnownFileType = sourcecode.swift; path = CurrentWeatherModel.swift; sourceTree = "<group>"; };
		CE667E292890E63E00CE573B /* ForeCastWeatherContract.swift */ = {isa = PBXFileReference; lastKnownFileType = sourcecode.swift; path = ForeCastWeatherContract.swift; sourceTree = "<group>"; };
		CE667E2B2890E65100CE573B /* ForeCastWeatherCoordinator.swift */ = {isa = PBXFileReference; lastKnownFileType = sourcecode.swift; path = ForeCastWeatherCoordinator.swift; sourceTree = "<group>"; };
		CE667E2D2890E65A00CE573B /* ForeCastWeatherPresenter.swift */ = {isa = PBXFileReference; lastKnownFileType = sourcecode.swift; path = ForeCastWeatherPresenter.swift; sourceTree = "<group>"; };
		CE667E2F2890E66400CE573B /* ForeCastWeatherModel.swift */ = {isa = PBXFileReference; lastKnownFileType = sourcecode.swift; path = ForeCastWeatherModel.swift; sourceTree = "<group>"; };
		CE667E312890E67300CE573B /* ForeCastWeatherViewController.swift */ = {isa = PBXFileReference; lastKnownFileType = sourcecode.swift; path = ForeCastWeatherViewController.swift; sourceTree = "<group>"; };
		CE667E322890E67300CE573B /* ForeCastWeatherViewController.xib */ = {isa = PBXFileReference; lastKnownFileType = file.xib; path = ForeCastWeatherViewController.xib; sourceTree = "<group>"; };
		CE667E372891192800CE573B /* CurrentWeather.swift */ = {isa = PBXFileReference; lastKnownFileType = sourcecode.swift; path = CurrentWeather.swift; sourceTree = "<group>"; };
		CE667E3D28911FB400CE573B /* ForeCastWeather.swift */ = {isa = PBXFileReference; lastKnownFileType = sourcecode.swift; path = ForeCastWeather.swift; sourceTree = "<group>"; };
		FAA7AC759FEA0EDCDD161B86 /* Pods-WeatherAppTests.debug.xcconfig */ = {isa = PBXFileReference; includeInIndex = 1; lastKnownFileType = text.xcconfig; name = "Pods-WeatherAppTests.debug.xcconfig"; path = "Target Support Files/Pods-WeatherAppTests/Pods-WeatherAppTests.debug.xcconfig"; sourceTree = "<group>"; };
/* End PBXFileReference section */

/* Begin PBXFrameworksBuildPhase section */
		CE1760652889029300ED7BD8 /* Frameworks */ = {
			isa = PBXFrameworksBuildPhase;
			buildActionMask = 2147483647;
			files = (
				79E855A576E92A17157EE3C0 /* Pods_WeatherApp.framework in Frameworks */,
			);
			runOnlyForDeploymentPostprocessing = 0;
		};
		CE17607B2889029400ED7BD8 /* Frameworks */ = {
			isa = PBXFrameworksBuildPhase;
			buildActionMask = 2147483647;
			files = (
				A3F719FB46E36B18A79EC7C6 /* Pods_WeatherAppTests.framework in Frameworks */,
			);
			runOnlyForDeploymentPostprocessing = 0;
		};
		CE1760852889029400ED7BD8 /* Frameworks */ = {
			isa = PBXFrameworksBuildPhase;
			buildActionMask = 2147483647;
			files = (
				4805BAAA138EDA5DB61D67AD /* Pods_WeatherApp_WeatherAppUITests.framework in Frameworks */,
			);
			runOnlyForDeploymentPostprocessing = 0;
		};
/* End PBXFrameworksBuildPhase section */

/* Begin PBXGroup section */
		7C6E8C67AF102F3FAC32FAE6 /* Frameworks */ = {
			isa = PBXGroup;
			children = (
				909A801C472F4FA43F16333B /* Pods_WeatherApp.framework */,
				4B7F72E3115A2B44587A88E3 /* Pods_WeatherApp_WeatherAppUITests.framework */,
				865F7D5D98106CB962CE2E99 /* Pods_WeatherAppTests.framework */,
			);
			name = Frameworks;
			sourceTree = "<group>";
		};
		9CEAC1ABE5EAB0DB911145D6 /* Pods */ = {
			isa = PBXGroup;
			children = (
				5F1DB5B98DD33BB02D485E26 /* Pods-WeatherApp.debug.xcconfig */,
				9E2E552CED92C7C94D957B44 /* Pods-WeatherApp.release.xcconfig */,
				53C2D46F560F95E683D66BBA /* Pods-WeatherApp-WeatherAppUITests.debug.xcconfig */,
				4382FFC1529640A806A3656E /* Pods-WeatherApp-WeatherAppUITests.release.xcconfig */,
				FAA7AC759FEA0EDCDD161B86 /* Pods-WeatherAppTests.debug.xcconfig */,
				8E34E7416CFDE67352601F5D /* Pods-WeatherAppTests.release.xcconfig */,
			);
			path = Pods;
			sourceTree = "<group>";
		};
		CE17605F2889029300ED7BD8 = {
			isa = PBXGroup;
			children = (
				CE17606A2889029300ED7BD8 /* WeatherApp */,
				CE1760812889029400ED7BD8 /* WeatherAppTests */,
				CE17608B2889029400ED7BD8 /* WeatherAppUITests */,
				CE1760692889029300ED7BD8 /* Products */,
				9CEAC1ABE5EAB0DB911145D6 /* Pods */,
				7C6E8C67AF102F3FAC32FAE6 /* Frameworks */,
			);
			sourceTree = "<group>";
		};
		CE1760692889029300ED7BD8 /* Products */ = {
			isa = PBXGroup;
			children = (
				CE1760682889029300ED7BD8 /* WeatherApp.app */,
				CE17607E2889029400ED7BD8 /* WeatherAppTests.xctest */,
				CE1760882889029400ED7BD8 /* WeatherAppUITests.xctest */,
			);
			name = Products;
			sourceTree = "<group>";
		};
		CE17606A2889029300ED7BD8 /* WeatherApp */ = {
			isa = PBXGroup;
			children = (
				CE667E02288E35A800CE573B /* GoogleService-Info.plist */,
				CE667E04288FF89A00CE573B /* AppDelegate */,
				CE667E05288FF8B800CE573B /* Coordinator */,
				CE1760A02889309200ED7BD8 /* Common */,
				CE1760A828893A1900ED7BD8 /* Model */,
				CE667E15288FFAAC00CE573B /* WeatherApp */,
				CE1760762889029400ED7BD8 /* LaunchScreen.storyboard */,
				CE1760742889029400ED7BD8 /* Assets.xcassets */,
				CE1760792889029400ED7BD8 /* Info.plist */,
			);
			path = WeatherApp;
			sourceTree = "<group>";
		};
		CE1760812889029400ED7BD8 /* WeatherAppTests */ = {
			isa = PBXGroup;
			children = (
				CE667E35289118FC00CE573B /* WeatherApp */,
				CE1760822889029400ED7BD8 /* WeatherAppTests.swift */,
			);
			path = WeatherAppTests;
			sourceTree = "<group>";
		};
		CE17608B2889029400ED7BD8 /* WeatherAppUITests */ = {
			isa = PBXGroup;
			children = (
				CE17608C2889029400ED7BD8 /* WeatherAppUITests.swift */,
				CE17608E2889029400ED7BD8 /* WeatherAppUITestsLaunchTests.swift */,
			);
			path = WeatherAppUITests;
			sourceTree = "<group>";
		};
		CE1760A02889309200ED7BD8 /* Common */ = {
			isa = PBXGroup;
			children = (
				CE667E12288FFA4C00CE573B /* Base */,
				CE667E08288FF94100CE573B /* Extension */,
			);
			path = Common;
			sourceTree = "<group>";
		};
		CE1760A728893A1000ED7BD8 /* Services */ = {
			isa = PBXGroup;
			children = (
				CE1760A32889387500ED7BD8 /* WeatherService.swift */,
			);
			name = Services;
			path = ..;
			sourceTree = "<group>";
		};
		CE1760A828893A1900ED7BD8 /* Model */ = {
			isa = PBXGroup;
			children = (
				CE1760A52889396200ED7BD8 /* CurrentWeatherData.swift */,
			);
			path = Model;
			sourceTree = "<group>";
		};
		CE1760AF288A421C00ED7BD8 /* ForeCastCell */ = {
			isa = PBXGroup;
			children = (
				CE1760B0288A423800ED7BD8 /* ForeCastCell.swift */,
				CE1760B1288A423800ED7BD8 /* ForeCastCell.xib */,
			);
			path = ForeCastCell;
			sourceTree = "<group>";
		};
		CE667E04288FF89A00CE573B /* AppDelegate */ = {
			isa = PBXGroup;
			children = (
				CE17606B2889029300ED7BD8 /* AppDelegate.swift */,
			);
			path = AppDelegate;
			sourceTree = "<group>";
		};
		CE667E05288FF8B800CE573B /* Coordinator */ = {
			isa = PBXGroup;
			children = (
				CE667E06288FF8D700CE573B /* Coordinator.swift */,
			);
			name = Coordinator;
			path = AppDelegate;
			sourceTree = "<group>";
		};
		CE667E08288FF94100CE573B /* Extension */ = {
			isa = PBXGroup;
			children = (
				CE667E09288FF95B00CE573B /* Common */,
			);
			name = Extension;
			sourceTree = "<group>";
		};
		CE667E09288FF95B00CE573B /* Common */ = {
			isa = PBXGroup;
			children = (
				CE667E0D288FF9C000CE573B /* Other */,
				CE667E0A288FF96500CE573B /* UI */,
			);
			name = Common;
			sourceTree = "<group>";
		};
		CE667E0A288FF96500CE573B /* UI */ = {
			isa = PBXGroup;
			children = (
				CE1760A12889318F00ED7BD8 /* UIViewControllerExtension.swift */,
				CE667E0B288FF98B00CE573B /* UIViewExtension.swift */,
			);
			name = UI;
			sourceTree = "<group>";
		};
		CE667E0D288FF9C000CE573B /* Other */ = {
			isa = PBXGroup;
			children = (
				CE667E0E288FF9D500CE573B /* DateExtension.swift */,
				CE667E10288FF9ED00CE573B /* StringExtension.swift */,
			);
			name = Other;
			sourceTree = "<group>";
		};
		CE667E12288FFA4C00CE573B /* Base */ = {
			isa = PBXGroup;
			children = (
				CE667E13288FFA6D00CE573B /* InternetConnection.swift */,
				CE667E232890D5A600CE573B /* BaseViewProtocol.swift */,
				CE667E252890D6B600CE573B /* BaseViewController.swift */,
			);
			name = Base;
			sourceTree = "<group>";
		};
		CE667E15288FFAAC00CE573B /* WeatherApp */ = {
			isa = PBXGroup;
			children = (
				CE1760A728893A1000ED7BD8 /* Services */,
				CE667E16288FFACE00CE573B /* Modules */,
			);
			path = WeatherApp;
			sourceTree = "<group>";
		};
		CE667E16288FFACE00CE573B /* Modules */ = {
			isa = PBXGroup;
			children = (
				CE667E17288FFAE600CE573B /* CurrentWeather */,
				CE667E18288FFAEF00CE573B /* ForeCastWeather */,
			);
			path = Modules;
			sourceTree = "<group>";
		};
		CE667E17288FFAE600CE573B /* CurrentWeather */ = {
			isa = PBXGroup;
			children = (
				CE667E1B288FFB8200CE573B /* CurrentWeatherContract.swift */,
				CE667E19288FFB5200CE573B /* CurrentWeatherCoordinator.swift */,
				CE667E1D288FFB9D00CE573B /* CurrentWeatherPresenter.swift */,
				CE667E272890D8C700CE573B /* CurrentWeatherModel.swift */,
				CE667E1F288FFBEF00CE573B /* CurrentWeatherViewController.swift */,
				CE667E20288FFBEF00CE573B /* CurrentWeatherViewController.xib */,
			);
			path = CurrentWeather;
			sourceTree = "<group>";
		};
		CE667E18288FFAEF00CE573B /* ForeCastWeather */ = {
			isa = PBXGroup;
			children = (
				CE1760AF288A421C00ED7BD8 /* ForeCastCell */,
				CE667E292890E63E00CE573B /* ForeCastWeatherContract.swift */,
				CE667E2B2890E65100CE573B /* ForeCastWeatherCoordinator.swift */,
				CE667E2D2890E65A00CE573B /* ForeCastWeatherPresenter.swift */,
				CE667E2F2890E66400CE573B /* ForeCastWeatherModel.swift */,
				CE667E312890E67300CE573B /* ForeCastWeatherViewController.swift */,
				CE667E322890E67300CE573B /* ForeCastWeatherViewController.xib */,
			);
			path = ForeCastWeather;
			sourceTree = "<group>";
		};
		CE667E35289118FC00CE573B /* WeatherApp */ = {
			isa = PBXGroup;
			children = (
				CE667E3C28911F8100CE573B /* ForeCastWeather */,
				CE667E362891190D00CE573B /* CurrentWeather */,
			);
			path = WeatherApp;
			sourceTree = "<group>";
		};
		CE667E362891190D00CE573B /* CurrentWeather */ = {
			isa = PBXGroup;
			children = (
				CE667E372891192800CE573B /* CurrentWeather.swift */,
			);
			path = CurrentWeather;
			sourceTree = "<group>";
		};
		CE667E3C28911F8100CE573B /* ForeCastWeather */ = {
			isa = PBXGroup;
			children = (
				CE667E3D28911FB400CE573B /* ForeCastWeather.swift */,
			);
			path = ForeCastWeather;
			sourceTree = "<group>";
		};
/* End PBXGroup section */

/* Begin PBXNativeTarget section */
		CE1760672889029300ED7BD8 /* WeatherApp */ = {
			isa = PBXNativeTarget;
			buildConfigurationList = CE1760922889029400ED7BD8 /* Build configuration list for PBXNativeTarget "WeatherApp" */;
			buildPhases = (
				709AD5CC9AB6785A2A1A2FA3 /* [CP] Check Pods Manifest.lock */,
				CE1760642889029300ED7BD8 /* Sources */,
				CE1760652889029300ED7BD8 /* Frameworks */,
				CE1760662889029300ED7BD8 /* Resources */,
				4BAD94DE727EF9956A99803D /* [CP] Embed Pods Frameworks */,
			);
			buildRules = (
			);
			dependencies = (
			);
			name = WeatherApp;
			productName = WeatherApp;
			productReference = CE1760682889029300ED7BD8 /* WeatherApp.app */;
			productType = "com.apple.product-type.application";
		};
		CE17607D2889029400ED7BD8 /* WeatherAppTests */ = {
			isa = PBXNativeTarget;
			buildConfigurationList = CE1760952889029400ED7BD8 /* Build configuration list for PBXNativeTarget "WeatherAppTests" */;
			buildPhases = (
				D739CA4D1E134FD40ED8F842 /* [CP] Check Pods Manifest.lock */,
				CE17607A2889029400ED7BD8 /* Sources */,
				CE17607B2889029400ED7BD8 /* Frameworks */,
				CE17607C2889029400ED7BD8 /* Resources */,
			);
			buildRules = (
			);
			dependencies = (
				CE1760802889029400ED7BD8 /* PBXTargetDependency */,
			);
			name = WeatherAppTests;
			productName = WeatherAppTests;
			productReference = CE17607E2889029400ED7BD8 /* WeatherAppTests.xctest */;
			productType = "com.apple.product-type.bundle.unit-test";
		};
		CE1760872889029400ED7BD8 /* WeatherAppUITests */ = {
			isa = PBXNativeTarget;
			buildConfigurationList = CE1760982889029400ED7BD8 /* Build configuration list for PBXNativeTarget "WeatherAppUITests" */;
			buildPhases = (
				3CC65B4E2288019BCFFECCA1 /* [CP] Check Pods Manifest.lock */,
				CE1760842889029400ED7BD8 /* Sources */,
				CE1760852889029400ED7BD8 /* Frameworks */,
				CE1760862889029400ED7BD8 /* Resources */,
				31CE85A4D88252E195E842E4 /* [CP] Embed Pods Frameworks */,
			);
			buildRules = (
			);
			dependencies = (
				CE17608A2889029400ED7BD8 /* PBXTargetDependency */,
			);
			name = WeatherAppUITests;
			productName = WeatherAppUITests;
			productReference = CE1760882889029400ED7BD8 /* WeatherAppUITests.xctest */;
			productType = "com.apple.product-type.bundle.ui-testing";
		};
/* End PBXNativeTarget section */

/* Begin PBXProject section */
		CE1760602889029300ED7BD8 /* Project object */ = {
			isa = PBXProject;
			attributes = {
				BuildIndependentTargetsInParallel = 1;
				LastSwiftUpdateCheck = 1340;
				LastUpgradeCheck = 1340;
				TargetAttributes = {
					CE1760672889029300ED7BD8 = {
						CreatedOnToolsVersion = 13.4;
					};
					CE17607D2889029400ED7BD8 = {
						CreatedOnToolsVersion = 13.4;
						TestTargetID = CE1760672889029300ED7BD8;
					};
					CE1760872889029400ED7BD8 = {
						CreatedOnToolsVersion = 13.4;
						TestTargetID = CE1760672889029300ED7BD8;
					};
				};
			};
			buildConfigurationList = CE1760632889029300ED7BD8 /* Build configuration list for PBXProject "WeatherApp" */;
			compatibilityVersion = "Xcode 13.0";
			developmentRegion = en;
			hasScannedForEncodings = 0;
			knownRegions = (
				en,
				Base,
			);
			mainGroup = CE17605F2889029300ED7BD8;
			productRefGroup = CE1760692889029300ED7BD8 /* Products */;
			projectDirPath = "";
			projectRoot = "";
			targets = (
				CE1760672889029300ED7BD8 /* WeatherApp */,
				CE17607D2889029400ED7BD8 /* WeatherAppTests */,
				CE1760872889029400ED7BD8 /* WeatherAppUITests */,
			);
		};
/* End PBXProject section */

/* Begin PBXResourcesBuildPhase section */
		CE1760662889029300ED7BD8 /* Resources */ = {
			isa = PBXResourcesBuildPhase;
			buildActionMask = 2147483647;
			files = (
				CE1760782889029400ED7BD8 /* LaunchScreen.storyboard in Resources */,
				CE1760752889029400ED7BD8 /* Assets.xcassets in Resources */,
				CE667E342890E67300CE573B /* ForeCastWeatherViewController.xib in Resources */,
				CE667E22288FFBEF00CE573B /* CurrentWeatherViewController.xib in Resources */,
				CE1760B3288A423800ED7BD8 /* ForeCastCell.xib in Resources */,
				CE667E03288E35A800CE573B /* GoogleService-Info.plist in Resources */,
			);
			runOnlyForDeploymentPostprocessing = 0;
		};
		CE17607C2889029400ED7BD8 /* Resources */ = {
			isa = PBXResourcesBuildPhase;
			buildActionMask = 2147483647;
			files = (
			);
			runOnlyForDeploymentPostprocessing = 0;
		};
		CE1760862889029400ED7BD8 /* Resources */ = {
			isa = PBXResourcesBuildPhase;
			buildActionMask = 2147483647;
			files = (
			);
			runOnlyForDeploymentPostprocessing = 0;
		};
/* End PBXResourcesBuildPhase section */

/* Begin PBXShellScriptBuildPhase section */
		31CE85A4D88252E195E842E4 /* [CP] Embed Pods Frameworks */ = {
			isa = PBXShellScriptBuildPhase;
			buildActionMask = 2147483647;
			files = (
			);
			inputFileListPaths = (
				"${PODS_ROOT}/Target Support Files/Pods-WeatherApp-WeatherAppUITests/Pods-WeatherApp-WeatherAppUITests-frameworks-${CONFIGURATION}-input-files.xcfilelist",
			);
			name = "[CP] Embed Pods Frameworks";
			outputFileListPaths = (
				"${PODS_ROOT}/Target Support Files/Pods-WeatherApp-WeatherAppUITests/Pods-WeatherApp-WeatherAppUITests-frameworks-${CONFIGURATION}-output-files.xcfilelist",
			);
			runOnlyForDeploymentPostprocessing = 0;
			shellPath = /bin/sh;
			shellScript = "\"${PODS_ROOT}/Target Support Files/Pods-WeatherApp-WeatherAppUITests/Pods-WeatherApp-WeatherAppUITests-frameworks.sh\"\n";
			showEnvVarsInLog = 0;
		};
		3CC65B4E2288019BCFFECCA1 /* [CP] Check Pods Manifest.lock */ = {
			isa = PBXShellScriptBuildPhase;
			buildActionMask = 2147483647;
			files = (
			);
			inputFileListPaths = (
			);
			inputPaths = (
				"${PODS_PODFILE_DIR_PATH}/Podfile.lock",
				"${PODS_ROOT}/Manifest.lock",
			);
			name = "[CP] Check Pods Manifest.lock";
			outputFileListPaths = (
			);
			outputPaths = (
				"$(DERIVED_FILE_DIR)/Pods-WeatherApp-WeatherAppUITests-checkManifestLockResult.txt",
			);
			runOnlyForDeploymentPostprocessing = 0;
			shellPath = /bin/sh;
			shellScript = "diff \"${PODS_PODFILE_DIR_PATH}/Podfile.lock\" \"${PODS_ROOT}/Manifest.lock\" > /dev/null\nif [ $? != 0 ] ; then\n    # print error to STDERR\n    echo \"error: The sandbox is not in sync with the Podfile.lock. Run 'pod install' or update your CocoaPods installation.\" >&2\n    exit 1\nfi\n# This output is used by Xcode 'outputs' to avoid re-running this script phase.\necho \"SUCCESS\" > \"${SCRIPT_OUTPUT_FILE_0}\"\n";
			showEnvVarsInLog = 0;
		};
		4BAD94DE727EF9956A99803D /* [CP] Embed Pods Frameworks */ = {
			isa = PBXShellScriptBuildPhase;
			buildActionMask = 2147483647;
			files = (
			);
			inputFileListPaths = (
				"${PODS_ROOT}/Target Support Files/Pods-WeatherApp/Pods-WeatherApp-frameworks-${CONFIGURATION}-input-files.xcfilelist",
			);
			name = "[CP] Embed Pods Frameworks";
			outputFileListPaths = (
				"${PODS_ROOT}/Target Support Files/Pods-WeatherApp/Pods-WeatherApp-frameworks-${CONFIGURATION}-output-files.xcfilelist",
			);
			runOnlyForDeploymentPostprocessing = 0;
			shellPath = /bin/sh;
			shellScript = "\"${PODS_ROOT}/Target Support Files/Pods-WeatherApp/Pods-WeatherApp-frameworks.sh\"\n";
			showEnvVarsInLog = 0;
		};
		709AD5CC9AB6785A2A1A2FA3 /* [CP] Check Pods Manifest.lock */ = {
			isa = PBXShellScriptBuildPhase;
			buildActionMask = 2147483647;
			files = (
			);
			inputFileListPaths = (
			);
			inputPaths = (
				"${PODS_PODFILE_DIR_PATH}/Podfile.lock",
				"${PODS_ROOT}/Manifest.lock",
			);
			name = "[CP] Check Pods Manifest.lock";
			outputFileListPaths = (
			);
			outputPaths = (
				"$(DERIVED_FILE_DIR)/Pods-WeatherApp-checkManifestLockResult.txt",
			);
			runOnlyForDeploymentPostprocessing = 0;
			shellPath = /bin/sh;
			shellScript = "diff \"${PODS_PODFILE_DIR_PATH}/Podfile.lock\" \"${PODS_ROOT}/Manifest.lock\" > /dev/null\nif [ $? != 0 ] ; then\n    # print error to STDERR\n    echo \"error: The sandbox is not in sync with the Podfile.lock. Run 'pod install' or update your CocoaPods installation.\" >&2\n    exit 1\nfi\n# This output is used by Xcode 'outputs' to avoid re-running this script phase.\necho \"SUCCESS\" > \"${SCRIPT_OUTPUT_FILE_0}\"\n";
			showEnvVarsInLog = 0;
		};
		D739CA4D1E134FD40ED8F842 /* [CP] Check Pods Manifest.lock */ = {
			isa = PBXShellScriptBuildPhase;
			buildActionMask = 2147483647;
			files = (
			);
			inputFileListPaths = (
			);
			inputPaths = (
				"${PODS_PODFILE_DIR_PATH}/Podfile.lock",
				"${PODS_ROOT}/Manifest.lock",
			);
			name = "[CP] Check Pods Manifest.lock";
			outputFileListPaths = (
			);
			outputPaths = (
				"$(DERIVED_FILE_DIR)/Pods-WeatherAppTests-checkManifestLockResult.txt",
			);
			runOnlyForDeploymentPostprocessing = 0;
			shellPath = /bin/sh;
			shellScript = "diff \"${PODS_PODFILE_DIR_PATH}/Podfile.lock\" \"${PODS_ROOT}/Manifest.lock\" > /dev/null\nif [ $? != 0 ] ; then\n    # print error to STDERR\n    echo \"error: The sandbox is not in sync with the Podfile.lock. Run 'pod install' or update your CocoaPods installation.\" >&2\n    exit 1\nfi\n# This output is used by Xcode 'outputs' to avoid re-running this script phase.\necho \"SUCCESS\" > \"${SCRIPT_OUTPUT_FILE_0}\"\n";
			showEnvVarsInLog = 0;
		};
/* End PBXShellScriptBuildPhase section */

/* Begin PBXSourcesBuildPhase section */
		CE1760642889029300ED7BD8 /* Sources */ = {
			isa = PBXSourcesBuildPhase;
			buildActionMask = 2147483647;
			files = (
				CE667E14288FFA6D00CE573B /* InternetConnection.swift in Sources */,
				CE667E07288FF8D700CE573B /* Coordinator.swift in Sources */,
				CE667E0F288FF9D500CE573B /* DateExtension.swift in Sources */,
				CE667E1A288FFB5200CE573B /* CurrentWeatherCoordinator.swift in Sources */,
				CE667E2C2890E65100CE573B /* ForeCastWeatherCoordinator.swift in Sources */,
				CE1760A42889387500ED7BD8 /* WeatherService.swift in Sources */,
				CE667E262890D6B600CE573B /* BaseViewController.swift in Sources */,
				CE667E1C288FFB8200CE573B /* CurrentWeatherContract.swift in Sources */,
				CE1760B2288A423800ED7BD8 /* ForeCastCell.swift in Sources */,
				CE1760A62889396200ED7BD8 /* CurrentWeatherData.swift in Sources */,
				CE1760A22889318F00ED7BD8 /* UIViewControllerExtension.swift in Sources */,
				CE667E332890E67300CE573B /* ForeCastWeatherViewController.swift in Sources */,
				CE667E0C288FF98B00CE573B /* UIViewExtension.swift in Sources */,
				CE667E2A2890E63E00CE573B /* ForeCastWeatherContract.swift in Sources */,
				CE667E2E2890E65A00CE573B /* ForeCastWeatherPresenter.swift in Sources */,
				CE667E21288FFBEF00CE573B /* CurrentWeatherViewController.swift in Sources */,
				CE667E302890E66400CE573B /* ForeCastWeatherModel.swift in Sources */,
				CE667E282890D8C700CE573B /* CurrentWeatherModel.swift in Sources */,
				CE667E1E288FFB9D00CE573B /* CurrentWeatherPresenter.swift in Sources */,
				CE667E11288FF9ED00CE573B /* StringExtension.swift in Sources */,
				CE17606C2889029300ED7BD8 /* AppDelegate.swift in Sources */,
				CE667E242890D5A600CE573B /* BaseViewProtocol.swift in Sources */,
			);
			runOnlyForDeploymentPostprocessing = 0;
		};
		CE17607A2889029400ED7BD8 /* Sources */ = {
			isa = PBXSourcesBuildPhase;
			buildActionMask = 2147483647;
			files = (
				CE667E3A2891199F00CE573B /* CurrentWeatherData.swift in Sources */,
				CE667E382891192800CE573B /* CurrentWeather.swift in Sources */,
				CE667E392891195C00CE573B /* WeatherService.swift in Sources */,
				CE1760832889029400ED7BD8 /* WeatherAppTests.swift in Sources */,
				CE667E3B28911A3900CE573B /* InternetConnection.swift in Sources */,
				CE667E3E28911FB400CE573B /* ForeCastWeather.swift in Sources */,
			);
			runOnlyForDeploymentPostprocessing = 0;
		};
		CE1760842889029400ED7BD8 /* Sources */ = {
			isa = PBXSourcesBuildPhase;
			buildActionMask = 2147483647;
			files = (
				CE17608D2889029400ED7BD8 /* WeatherAppUITests.swift in Sources */,
				CE17608F2889029400ED7BD8 /* WeatherAppUITestsLaunchTests.swift in Sources */,
			);
			runOnlyForDeploymentPostprocessing = 0;
		};
/* End PBXSourcesBuildPhase section */

/* Begin PBXTargetDependency section */
		CE1760802889029400ED7BD8 /* PBXTargetDependency */ = {
			isa = PBXTargetDependency;
			target = CE1760672889029300ED7BD8 /* WeatherApp */;
			targetProxy = CE17607F2889029400ED7BD8 /* PBXContainerItemProxy */;
		};
		CE17608A2889029400ED7BD8 /* PBXTargetDependency */ = {
			isa = PBXTargetDependency;
			target = CE1760672889029300ED7BD8 /* WeatherApp */;
			targetProxy = CE1760892889029400ED7BD8 /* PBXContainerItemProxy */;
		};
/* End PBXTargetDependency section */

/* Begin PBXVariantGroup section */
		CE1760762889029400ED7BD8 /* LaunchScreen.storyboard */ = {
			isa = PBXVariantGroup;
			children = (
				CE1760772889029400ED7BD8 /* Base */,
			);
			name = LaunchScreen.storyboard;
			sourceTree = "<group>";
		};
/* End PBXVariantGroup section */

/* Begin XCBuildConfiguration section */
		CE1760902889029400ED7BD8 /* Debug */ = {
			isa = XCBuildConfiguration;
			buildSettings = {
				ALWAYS_SEARCH_USER_PATHS = NO;
				CLANG_ANALYZER_NONNULL = YES;
				CLANG_ANALYZER_NUMBER_OBJECT_CONVERSION = YES_AGGRESSIVE;
				CLANG_CXX_LANGUAGE_STANDARD = "gnu++17";
				CLANG_ENABLE_MODULES = YES;
				CLANG_ENABLE_OBJC_ARC = YES;
				CLANG_ENABLE_OBJC_WEAK = YES;
				CLANG_WARN_BLOCK_CAPTURE_AUTORELEASING = YES;
				CLANG_WARN_BOOL_CONVERSION = YES;
				CLANG_WARN_COMMA = YES;
				CLANG_WARN_CONSTANT_CONVERSION = YES;
				CLANG_WARN_DEPRECATED_OBJC_IMPLEMENTATIONS = YES;
				CLANG_WARN_DIRECT_OBJC_ISA_USAGE = YES_ERROR;
				CLANG_WARN_DOCUMENTATION_COMMENTS = YES;
				CLANG_WARN_EMPTY_BODY = YES;
				CLANG_WARN_ENUM_CONVERSION = YES;
				CLANG_WARN_INFINITE_RECURSION = YES;
				CLANG_WARN_INT_CONVERSION = YES;
				CLANG_WARN_NON_LITERAL_NULL_CONVERSION = YES;
				CLANG_WARN_OBJC_IMPLICIT_RETAIN_SELF = YES;
				CLANG_WARN_OBJC_LITERAL_CONVERSION = YES;
				CLANG_WARN_OBJC_ROOT_CLASS = YES_ERROR;
				CLANG_WARN_QUOTED_INCLUDE_IN_FRAMEWORK_HEADER = YES;
				CLANG_WARN_RANGE_LOOP_ANALYSIS = YES;
				CLANG_WARN_STRICT_PROTOTYPES = YES;
				CLANG_WARN_SUSPICIOUS_MOVE = YES;
				CLANG_WARN_UNGUARDED_AVAILABILITY = YES_AGGRESSIVE;
				CLANG_WARN_UNREACHABLE_CODE = YES;
				CLANG_WARN__DUPLICATE_METHOD_MATCH = YES;
				COPY_PHASE_STRIP = NO;
				DEBUG_INFORMATION_FORMAT = dwarf;
				ENABLE_STRICT_OBJC_MSGSEND = YES;
				ENABLE_TESTABILITY = YES;
				GCC_C_LANGUAGE_STANDARD = gnu11;
				GCC_DYNAMIC_NO_PIC = NO;
				GCC_NO_COMMON_BLOCKS = YES;
				GCC_OPTIMIZATION_LEVEL = 0;
				GCC_PREPROCESSOR_DEFINITIONS = (
					"DEBUG=1",
					"$(inherited)",
				);
				GCC_WARN_64_TO_32_BIT_CONVERSION = YES;
				GCC_WARN_ABOUT_RETURN_TYPE = YES_ERROR;
				GCC_WARN_UNDECLARED_SELECTOR = YES;
				GCC_WARN_UNINITIALIZED_AUTOS = YES_AGGRESSIVE;
				GCC_WARN_UNUSED_FUNCTION = YES;
				GCC_WARN_UNUSED_VARIABLE = YES;
				IPHONEOS_DEPLOYMENT_TARGET = 15.5;
				MTL_ENABLE_DEBUG_INFO = INCLUDE_SOURCE;
				MTL_FAST_MATH = YES;
				ONLY_ACTIVE_ARCH = YES;
				SDKROOT = iphoneos;
				SWIFT_ACTIVE_COMPILATION_CONDITIONS = DEBUG;
				SWIFT_OPTIMIZATION_LEVEL = "-Onone";
			};
			name = Debug;
		};
		CE1760912889029400ED7BD8 /* Release */ = {
			isa = XCBuildConfiguration;
			buildSettings = {
				ALWAYS_SEARCH_USER_PATHS = NO;
				CLANG_ANALYZER_NONNULL = YES;
				CLANG_ANALYZER_NUMBER_OBJECT_CONVERSION = YES_AGGRESSIVE;
				CLANG_CXX_LANGUAGE_STANDARD = "gnu++17";
				CLANG_ENABLE_MODULES = YES;
				CLANG_ENABLE_OBJC_ARC = YES;
				CLANG_ENABLE_OBJC_WEAK = YES;
				CLANG_WARN_BLOCK_CAPTURE_AUTORELEASING = YES;
				CLANG_WARN_BOOL_CONVERSION = YES;
				CLANG_WARN_COMMA = YES;
				CLANG_WARN_CONSTANT_CONVERSION = YES;
				CLANG_WARN_DEPRECATED_OBJC_IMPLEMENTATIONS = YES;
				CLANG_WARN_DIRECT_OBJC_ISA_USAGE = YES_ERROR;
				CLANG_WARN_DOCUMENTATION_COMMENTS = YES;
				CLANG_WARN_EMPTY_BODY = YES;
				CLANG_WARN_ENUM_CONVERSION = YES;
				CLANG_WARN_INFINITE_RECURSION = YES;
				CLANG_WARN_INT_CONVERSION = YES;
				CLANG_WARN_NON_LITERAL_NULL_CONVERSION = YES;
				CLANG_WARN_OBJC_IMPLICIT_RETAIN_SELF = YES;
				CLANG_WARN_OBJC_LITERAL_CONVERSION = YES;
				CLANG_WARN_OBJC_ROOT_CLASS = YES_ERROR;
				CLANG_WARN_QUOTED_INCLUDE_IN_FRAMEWORK_HEADER = YES;
				CLANG_WARN_RANGE_LOOP_ANALYSIS = YES;
				CLANG_WARN_STRICT_PROTOTYPES = YES;
				CLANG_WARN_SUSPICIOUS_MOVE = YES;
				CLANG_WARN_UNGUARDED_AVAILABILITY = YES_AGGRESSIVE;
				CLANG_WARN_UNREACHABLE_CODE = YES;
				CLANG_WARN__DUPLICATE_METHOD_MATCH = YES;
				COPY_PHASE_STRIP = NO;
				DEBUG_INFORMATION_FORMAT = "dwarf-with-dsym";
				ENABLE_NS_ASSERTIONS = NO;
				ENABLE_STRICT_OBJC_MSGSEND = YES;
				GCC_C_LANGUAGE_STANDARD = gnu11;
				GCC_NO_COMMON_BLOCKS = YES;
				GCC_WARN_64_TO_32_BIT_CONVERSION = YES;
				GCC_WARN_ABOUT_RETURN_TYPE = YES_ERROR;
				GCC_WARN_UNDECLARED_SELECTOR = YES;
				GCC_WARN_UNINITIALIZED_AUTOS = YES_AGGRESSIVE;
				GCC_WARN_UNUSED_FUNCTION = YES;
				GCC_WARN_UNUSED_VARIABLE = YES;
				IPHONEOS_DEPLOYMENT_TARGET = 15.5;
				MTL_ENABLE_DEBUG_INFO = NO;
				MTL_FAST_MATH = YES;
				SDKROOT = iphoneos;
				SWIFT_COMPILATION_MODE = wholemodule;
				SWIFT_OPTIMIZATION_LEVEL = "-O";
				VALIDATE_PRODUCT = YES;
			};
			name = Release;
		};
		CE1760932889029400ED7BD8 /* Debug */ = {
			isa = XCBuildConfiguration;
			baseConfigurationReference = 5F1DB5B98DD33BB02D485E26 /* Pods-WeatherApp.debug.xcconfig */;
			buildSettings = {
				ASSETCATALOG_COMPILER_APPICON_NAME = AppIcon;
				ASSETCATALOG_COMPILER_GLOBAL_ACCENT_COLOR_NAME = AccentColor;
				CODE_SIGN_STYLE = Automatic;
				CURRENT_PROJECT_VERSION = 1;
				DEVELOPMENT_TEAM = 58Y5M7MWAM;
				GENERATE_INFOPLIST_FILE = YES;
				INFOPLIST_FILE = WeatherApp/Info.plist;
				INFOPLIST_KEY_UIApplicationSupportsIndirectInputEvents = YES;
				INFOPLIST_KEY_UILaunchStoryboardName = LaunchScreen;
				INFOPLIST_KEY_UISupportedInterfaceOrientations_iPad = "UIInterfaceOrientationPortrait UIInterfaceOrientationPortraitUpsideDown UIInterfaceOrientationLandscapeLeft UIInterfaceOrientationLandscapeRight";
				INFOPLIST_KEY_UISupportedInterfaceOrientations_iPhone = "UIInterfaceOrientationPortrait UIInterfaceOrientationLandscapeLeft UIInterfaceOrientationLandscapeRight";
				INFOPLIST_KEY_UIUserInterfaceStyle = light;
				LD_RUNPATH_SEARCH_PATHS = (
					"$(inherited)",
					"@executable_path/Frameworks",
				);
				MARKETING_VERSION = 1.0;
				PRODUCT_BUNDLE_IDENTIFIER = ai.earable.app.production;
				PRODUCT_NAME = "$(TARGET_NAME)";
				SWIFT_EMIT_LOC_STRINGS = YES;
				SWIFT_VERSION = 5.0;
				TARGETED_DEVICE_FAMILY = "1,2";
			};
			name = Debug;
		};
		CE1760942889029400ED7BD8 /* Release */ = {
			isa = XCBuildConfiguration;
			baseConfigurationReference = 9E2E552CED92C7C94D957B44 /* Pods-WeatherApp.release.xcconfig */;
			buildSettings = {
				ASSETCATALOG_COMPILER_APPICON_NAME = AppIcon;
				ASSETCATALOG_COMPILER_GLOBAL_ACCENT_COLOR_NAME = AccentColor;
				CODE_SIGN_STYLE = Automatic;
				CURRENT_PROJECT_VERSION = 1;
				DEVELOPMENT_TEAM = 58Y5M7MWAM;
				GENERATE_INFOPLIST_FILE = YES;
				INFOPLIST_FILE = WeatherApp/Info.plist;
				INFOPLIST_KEY_UIApplicationSupportsIndirectInputEvents = YES;
				INFOPLIST_KEY_UILaunchStoryboardName = LaunchScreen;
				INFOPLIST_KEY_UISupportedInterfaceOrientations_iPad = "UIInterfaceOrientationPortrait UIInterfaceOrientationPortraitUpsideDown UIInterfaceOrientationLandscapeLeft UIInterfaceOrientationLandscapeRight";
				INFOPLIST_KEY_UISupportedInterfaceOrientations_iPhone = "UIInterfaceOrientationPortrait UIInterfaceOrientationLandscapeLeft UIInterfaceOrientationLandscapeRight";
				INFOPLIST_KEY_UIUserInterfaceStyle = light;
				LD_RUNPATH_SEARCH_PATHS = (
					"$(inherited)",
					"@executable_path/Frameworks",
				);
				MARKETING_VERSION = 1.0;
				PRODUCT_BUNDLE_IDENTIFIER = ai.earable.app.production;
				PRODUCT_NAME = "$(TARGET_NAME)";
				SWIFT_EMIT_LOC_STRINGS = YES;
				SWIFT_VERSION = 5.0;
				TARGETED_DEVICE_FAMILY = "1,2";
			};
			name = Release;
		};
		CE1760962889029400ED7BD8 /* Debug */ = {
			isa = XCBuildConfiguration;
			baseConfigurationReference = FAA7AC759FEA0EDCDD161B86 /* Pods-WeatherAppTests.debug.xcconfig */;
			buildSettings = {
				ALWAYS_EMBED_SWIFT_STANDARD_LIBRARIES = YES;
				BUNDLE_LOADER = "$(TEST_HOST)";
				CODE_SIGN_STYLE = Automatic;
				CURRENT_PROJECT_VERSION = 1;
				GENERATE_INFOPLIST_FILE = YES;
				IPHONEOS_DEPLOYMENT_TARGET = 15.5;
				MARKETING_VERSION = 1.0;
				PRODUCT_BUNDLE_IDENTIFIER = krungsri.iOSTest.WeatherAppTests;
				PRODUCT_NAME = "$(TARGET_NAME)";
				SWIFT_EMIT_LOC_STRINGS = NO;
				SWIFT_VERSION = 5.0;
				TARGETED_DEVICE_FAMILY = "1,2";
				TEST_HOST = "$(BUILT_PRODUCTS_DIR)/WeatherApp.app/WeatherApp";
			};
			name = Debug;
		};
		CE1760972889029400ED7BD8 /* Release */ = {
			isa = XCBuildConfiguration;
			baseConfigurationReference = 8E34E7416CFDE67352601F5D /* Pods-WeatherAppTests.release.xcconfig */;
			buildSettings = {
				ALWAYS_EMBED_SWIFT_STANDARD_LIBRARIES = YES;
				BUNDLE_LOADER = "$(TEST_HOST)";
				CODE_SIGN_STYLE = Automatic;
				CURRENT_PROJECT_VERSION = 1;
				GENERATE_INFOPLIST_FILE = YES;
				IPHONEOS_DEPLOYMENT_TARGET = 15.5;
				MARKETING_VERSION = 1.0;
				PRODUCT_BUNDLE_IDENTIFIER = krungsri.iOSTest.WeatherAppTests;
				PRODUCT_NAME = "$(TARGET_NAME)";
				SWIFT_EMIT_LOC_STRINGS = NO;
				SWIFT_VERSION = 5.0;
				TARGETED_DEVICE_FAMILY = "1,2";
				TEST_HOST = "$(BUILT_PRODUCTS_DIR)/WeatherApp.app/WeatherApp";
			};
			name = Release;
		};
		CE1760992889029400ED7BD8 /* Debug */ = {
			isa = XCBuildConfiguration;
			baseConfigurationReference = 53C2D46F560F95E683D66BBA /* Pods-WeatherApp-WeatherAppUITests.debug.xcconfig */;
			buildSettings = {
				ALWAYS_EMBED_SWIFT_STANDARD_LIBRARIES = YES;
				CODE_SIGN_STYLE = Automatic;
				CURRENT_PROJECT_VERSION = 1;
				GENERATE_INFOPLIST_FILE = YES;
				MARKETING_VERSION = 1.0;
				PRODUCT_BUNDLE_IDENTIFIER = krungsri.iOSTest.WeatherAppUITests;
				PRODUCT_NAME = "$(TARGET_NAME)";
				SWIFT_EMIT_LOC_STRINGS = NO;
				SWIFT_VERSION = 5.0;
				TARGETED_DEVICE_FAMILY = "1,2";
				TEST_TARGET_NAME = WeatherApp;
			};
			name = Debug;
		};
		CE17609A2889029400ED7BD8 /* Release */ = {
			isa = XCBuildConfiguration;
			baseConfigurationReference = 4382FFC1529640A806A3656E /* Pods-WeatherApp-WeatherAppUITests.release.xcconfig */;
			buildSettings = {
				ALWAYS_EMBED_SWIFT_STANDARD_LIBRARIES = YES;
				CODE_SIGN_STYLE = Automatic;
				CURRENT_PROJECT_VERSION = 1;
				GENERATE_INFOPLIST_FILE = YES;
				MARKETING_VERSION = 1.0;
				PRODUCT_BUNDLE_IDENTIFIER = krungsri.iOSTest.WeatherAppUITests;
				PRODUCT_NAME = "$(TARGET_NAME)";
				SWIFT_EMIT_LOC_STRINGS = NO;
				SWIFT_VERSION = 5.0;
				TARGETED_DEVICE_FAMILY = "1,2";
				TEST_TARGET_NAME = WeatherApp;
			};
			name = Release;
		};
/* End XCBuildConfiguration section */

/* Begin XCConfigurationList section */
		CE1760632889029300ED7BD8 /* Build configuration list for PBXProject "WeatherApp" */ = {
			isa = XCConfigurationList;
			buildConfigurations = (
				CE1760902889029400ED7BD8 /* Debug */,
				CE1760912889029400ED7BD8 /* Release */,
			);
			defaultConfigurationIsVisible = 0;
			defaultConfigurationName = Release;
		};
		CE1760922889029400ED7BD8 /* Build configuration list for PBXNativeTarget "WeatherApp" */ = {
			isa = XCConfigurationList;
			buildConfigurations = (
				CE1760932889029400ED7BD8 /* Debug */,
				CE1760942889029400ED7BD8 /* Release */,
			);
			defaultConfigurationIsVisible = 0;
			defaultConfigurationName = Release;
		};
		CE1760952889029400ED7BD8 /* Build configuration list for PBXNativeTarget "WeatherAppTests" */ = {
			isa = XCConfigurationList;
			buildConfigurations = (
				CE1760962889029400ED7BD8 /* Debug */,
				CE1760972889029400ED7BD8 /* Release */,
			);
			defaultConfigurationIsVisible = 0;
			defaultConfigurationName = Release;
		};
		CE1760982889029400ED7BD8 /* Build configuration list for PBXNativeTarget "WeatherAppUITests" */ = {
			isa = XCConfigurationList;
			buildConfigurations = (
				CE1760992889029400ED7BD8 /* Debug */,
				CE17609A2889029400ED7BD8 /* Release */,
			);
			defaultConfigurationIsVisible = 0;
			defaultConfigurationName = Release;
		};
/* End XCConfigurationList section */
	};
	rootObject = CE1760602889029300ED7BD8 /* Project object */;
}
